
Microsoft Visual Studio Solution File, Format Version 12.00
# Visual Studio Version 16
VisualStudioVersion = 16.0.32510.428
MinimumVisualStudioVersion = 10.0.40219.1
Project("{FAE04EC0-301F-11D3-BF4B-00C04F79EFBC}") = "Q7.MaxProgram", "Q7.MaxProgram.csproj", "{3FEC8732-589E-4D12-8642-AE9525E35487}"
EndProject
Global
	GlobalSection(SolutionConfigurationPlatforms) = preSolution
		Debug|Any CPU = Debug|Any CPU
		Release|Any CPU = Release|Any CPU
	EndGlobalSection
	GlobalSection(ProjectConfigurationPlatforms) = postSolution
		{3FEC8732-589E-4D12-8642-AE9525E35487}.Debug|Any CPU.ActiveCfg = Debug|Any CPU
		{3FEC8732-589E-4D12-8642-AE9525E35487}.Debug|Any CPU.Build.0 = Debug|Any CPU
		{3FEC8732-589E-4D12-8642-AE9525E35487}.Release|Any CPU.ActiveCfg = Release|Any CPU
		{3FEC8732-589E-4D12-8642-AE9525E35487}.Release|Any CPU.Build.0 = Release|Any CPU
	EndGlobalSection
	GlobalSection(SolutionProperties) = preSolution
		HideSolutionNode = FALSE
	EndGlobalSection
	GlobalSection(ExtensibilityGlobals) = postSolution
		SolutionGuid = {806359BB-7F30-4612-B0EA-E540B97A66A3}
	EndGlobalSection
EndGlobal
